
Microsoft Visual Studio Solution File, Format Version 12.00
# Visual Studio Version 16
VisualStudioVersion = 16.0.31112.23
MinimumVisualStudioVersion = 10.0.40219.1
Project("{FAE04EC0-301F-11D3-BF4B-00C04F79EFBC}") = "Minimall", "Minimall\Minimall.csproj", "{56CEA0B3-412D-4E59-AA1C-BD796B4C1666}"
EndProject
Global
	GlobalSection(SolutionConfigurationPlatforms) = preSolution
		Debug|Any CPU = Debug|Any CPU
		Release|Any CPU = Release|Any CPU
	EndGlobalSection
	GlobalSection(ProjectConfigurationPlatforms) = postSolution
		{56CEA0B3-412D-4E59-AA1C-BD796B4C1666}.Debug|Any CPU.ActiveCfg = Debug|Any CPU
		{56CEA0B3-412D-4E59-AA1C-BD796B4C1666}.Debug|Any CPU.Build.0 = Debug|Any CPU
		{56CEA0B3-412D-4E59-AA1C-BD796B4C1666}.Release|Any CPU.ActiveCfg = Release|Any CPU
		{56CEA0B3-412D-4E59-AA1C-BD796B4C1666}.Release|Any CPU.Build.0 = Release|Any CPU
	EndGlobalSection
	GlobalSection(SolutionProperties) = preSolution
		HideSolutionNode = FALSE
	EndGlobalSection
	GlobalSection(ExtensibilityGlobals) = postSolution
		SolutionGuid = {AAC0AA39-5AE8-4FB5-B0A0-26D969C42945}
	EndGlobalSection
EndGlobal
